
Microsoft Visual Studio Solution File, Format Version 12.00
# Visual Studio 15
VisualStudioVersion = 15.0.28307.102
MinimumVisualStudioVersion = 10.0.40219.1
Project("{FAE04EC0-301F-11D3-BF4B-00C04F79EFBC}") = "Snake", "Snake\Snake.csproj", "{70D8E854-A3E6-4EC4-8792-6C8832AF8AAA}"
EndProject
Global
	GlobalSection(SolutionConfigurationPlatforms) = preSolution
		Debug|Any CPU = Debug|Any CPU
		Release|Any CPU = Release|Any CPU
	EndGlobalSection
	GlobalSection(ProjectConfigurationPlatforms) = postSolution
		{70D8E854-A3E6-4EC4-8792-6C8832AF8AAA}.Debug|Any CPU.ActiveCfg = Debug|Any CPU
		{70D8E854-A3E6-4EC4-8792-6C8832AF8AAA}.Debug|Any CPU.Build.0 = Debug|Any CPU
		{70D8E854-A3E6-4EC4-8792-6C8832AF8AAA}.Release|Any CPU.ActiveCfg = Release|Any CPU
		{70D8E854-A3E6-4EC4-8792-6C8832AF8AAA}.Release|Any CPU.Build.0 = Release|Any CPU
	EndGlobalSection
	GlobalSection(SolutionProperties) = preSolution
		HideSolutionNode = FALSE
	EndGlobalSection
	GlobalSection(ExtensibilityGlobals) = postSolution
		SolutionGuid = {AD2182D4-DC25-4253-817A-A9FD0C748F81}
	EndGlobalSection
EndGlobal
